
Microsoft Visual Studio Solution File, Format Version 12.00
# Visual Studio Version 17
VisualStudioVersion = 17.4.33110.190
MinimumVisualStudioVersion = 10.0.40219.1
Project("{9A19103F-16F7-4668-BE54-9A1E7A4F7556}") = "CodeGeneratorV2_1", "CodeGeneratorV2_1\CodeGeneratorV2_1.csproj", "{F4C9BC46-7C21-4906-8857-CB37DC6FD2F6}"
EndProject
Project("{9A19103F-16F7-4668-BE54-9A1E7A4F7556}") = "CodeGenerator.Core", "CodeGenerator.Core\CodeGenerator.Core.csproj", "{86B7126C-3503-4301-95B1-01E4DE171D0E}"
EndProject
Project("{2150E333-8FDC-42A3-9474-1A3956D46DE8}") = "DatabaseInterpreter", "DatabaseInterpreter", "{C90D4963-7725-40B4-AD76-B72EDC9B8922}"
EndProject
Project("{9A19103F-16F7-4668-BE54-9A1E7A4F7556}") = "DatabaseInterpreter.Core", "DatabaseInterpreter\DatabaseInterpreter.Core\DatabaseInterpreter.Core.csproj", "{FA57BB36-B0B3-4D5A-B345-45D0AE535C90}"
EndProject
Project("{9A19103F-16F7-4668-BE54-9A1E7A4F7556}") = "DatabaseInterpreter.Geometry", "DatabaseInterpreter\DatabaseInterpreter.Geometry\DatabaseInterpreter.Geometry.csproj", "{1E6E6B47-36A7-4629-8E75-47FDEA971DFC}"
EndProject
Project("{9A19103F-16F7-4668-BE54-9A1E7A4F7556}") = "DatabaseInterpreter.Model", "DatabaseInterpreter\DatabaseInterpreter.Model\DatabaseInterpreter.Model.csproj", "{41ABFA35-53F6-48E7-B52C-90E3CAA544F1}"
EndProject
Project("{9A19103F-16F7-4668-BE54-9A1E7A4F7556}") = "DatabaseInterpreter.Utility", "DatabaseInterpreter\DatabaseInterpreter.Utility\DatabaseInterpreter.Utility.csproj", "{0AE01D32-0A78-4FBD-AAA2-D7B9557A9718}"
EndProject
Project("{2150E333-8FDC-42A3-9474-1A3956D46DE8}") = "DatabaseManager", "DatabaseManager", "{1796E667-C6FF-4EC0-9B1E-9E29D620A7F4}"
EndProject
Project("{9A19103F-16F7-4668-BE54-9A1E7A4F7556}") = "DatabaseManager.Core", "DatabaseManager\DatabaseManager.Core\DatabaseManager.Core.csproj", "{E3F69DBF-689F-418B-9AD9-7591CAC47037}"
EndProject
Project("{9A19103F-16F7-4668-BE54-9A1E7A4F7556}") = "DatabaseManager.Profile", "DatabaseManager\DatabaseManager.Profile\DatabaseManager.Profile.csproj", "{FE6506AD-523B-4737-83C4-514B15946C24}"
EndProject
Project("{2150E333-8FDC-42A3-9474-1A3956D46DE8}") = "DatabaseConverter", "DatabaseConverter", "{2F41E843-4758-42B2-AB32-E797C446420E}"
EndProject
Project("{9A19103F-16F7-4668-BE54-9A1E7A4F7556}") = "SqlAnalyser.Core", "DatabaseConverter\SqlAnalyser.Core\SqlAnalyser.Core.csproj", "{8E5A10E1-8743-4294-84A1-531A09961BE5}"
EndProject
Project("{9A19103F-16F7-4668-BE54-9A1E7A4F7556}") = "DatabaseConverter.Core", "DatabaseConverter\DatabaseConverter.Core\DatabaseConverter.Core.csproj", "{B997B382-99BD-41BF-B0E5-1DE77AAADA08}"
EndProject
Global
	GlobalSection(SolutionConfigurationPlatforms) = preSolution
		Debug|Any CPU = Debug|Any CPU
		Debug|x64 = Debug|x64
		Release|Any CPU = Release|Any CPU
		Release|x64 = Release|x64
	EndGlobalSection
	GlobalSection(ProjectConfigurationPlatforms) = postSolution
		{F4C9BC46-7C21-4906-8857-CB37DC6FD2F6}.Debug|Any CPU.ActiveCfg = Debug|Any CPU
		{F4C9BC46-7C21-4906-8857-CB37DC6FD2F6}.Debug|Any CPU.Build.0 = Debug|Any CPU
		{F4C9BC46-7C21-4906-8857-CB37DC6FD2F6}.Debug|x64.ActiveCfg = Debug|Any CPU
		{F4C9BC46-7C21-4906-8857-CB37DC6FD2F6}.Debug|x64.Build.0 = Debug|Any CPU
		{F4C9BC46-7C21-4906-8857-CB37DC6FD2F6}.Release|Any CPU.ActiveCfg = Release|Any CPU
		{F4C9BC46-7C21-4906-8857-CB37DC6FD2F6}.Release|Any CPU.Build.0 = Release|Any CPU
		{F4C9BC46-7C21-4906-8857-CB37DC6FD2F6}.Release|x64.ActiveCfg = Release|Any CPU
		{F4C9BC46-7C21-4906-8857-CB37DC6FD2F6}.Release|x64.Build.0 = Release|Any CPU
		{86B7126C-3503-4301-95B1-01E4DE171D0E}.Debug|Any CPU.ActiveCfg = Debug|Any CPU
		{86B7126C-3503-4301-95B1-01E4DE171D0E}.Debug|Any CPU.Build.0 = Debug|Any CPU
		{86B7126C-3503-4301-95B1-01E4DE171D0E}.Debug|x64.ActiveCfg = Debug|Any CPU
		{86B7126C-3503-4301-95B1-01E4DE171D0E}.Debug|x64.Build.0 = Debug|Any CPU
		{86B7126C-3503-4301-95B1-01E4DE171D0E}.Release|Any CPU.ActiveCfg = Release|Any CPU
		{86B7126C-3503-4301-95B1-01E4DE171D0E}.Release|Any CPU.Build.0 = Release|Any CPU
		{86B7126C-3503-4301-95B1-01E4DE171D0E}.Release|x64.ActiveCfg = Release|Any CPU
		{86B7126C-3503-4301-95B1-01E4DE171D0E}.Release|x64.Build.0 = Release|Any CPU
		{FA57BB36-B0B3-4D5A-B345-45D0AE535C90}.Debug|Any CPU.ActiveCfg = Debug|Any CPU
		{FA57BB36-B0B3-4D5A-B345-45D0AE535C90}.Debug|Any CPU.Build.0 = Debug|Any CPU
		{FA57BB36-B0B3-4D5A-B345-45D0AE535C90}.Debug|x64.ActiveCfg = Debug|x64
		{FA57BB36-B0B3-4D5A-B345-45D0AE535C90}.Debug|x64.Build.0 = Debug|x64
		{FA57BB36-B0B3-4D5A-B345-45D0AE535C90}.Release|Any CPU.ActiveCfg = Release|Any CPU
		{FA57BB36-B0B3-4D5A-B345-45D0AE535C90}.Release|Any CPU.Build.0 = Release|Any CPU
		{FA57BB36-B0B3-4D5A-B345-45D0AE535C90}.Release|x64.ActiveCfg = Release|x64
		{FA57BB36-B0B3-4D5A-B345-45D0AE535C90}.Release|x64.Build.0 = Release|x64
		{1E6E6B47-36A7-4629-8E75-47FDEA971DFC}.Debug|Any CPU.ActiveCfg = Debug|Any CPU
		{1E6E6B47-36A7-4629-8E75-47FDEA971DFC}.Debug|Any CPU.Build.0 = Debug|Any CPU
		{1E6E6B47-36A7-4629-8E75-47FDEA971DFC}.Debug|x64.ActiveCfg = Debug|Any CPU
		{1E6E6B47-36A7-4629-8E75-47FDEA971DFC}.Debug|x64.Build.0 = Debug|Any CPU
		{1E6E6B47-36A7-4629-8E75-47FDEA971DFC}.Release|Any CPU.ActiveCfg = Release|Any CPU
		{1E6E6B47-36A7-4629-8E75-47FDEA971DFC}.Release|Any CPU.Build.0 = Release|Any CPU
		{1E6E6B47-36A7-4629-8E75-47FDEA971DFC}.Release|x64.ActiveCfg = Release|Any CPU
		{1E6E6B47-36A7-4629-8E75-47FDEA971DFC}.Release|x64.Build.0 = Release|Any CPU
		{41ABFA35-53F6-48E7-B52C-90E3CAA544F1}.Debug|Any CPU.ActiveCfg = Debug|Any CPU
		{41ABFA35-53F6-48E7-B52C-90E3CAA544F1}.Debug|Any CPU.Build.0 = Debug|Any CPU
		{41ABFA35-53F6-48E7-B52C-90E3CAA544F1}.Debug|x64.ActiveCfg = Debug|x64
		{41ABFA35-53F6-48E7-B52C-90E3CAA544F1}.Debug|x64.Build.0 = Debug|x64
		{41ABFA35-53F6-48E7-B52C-90E3CAA544F1}.Release|Any CPU.ActiveCfg = Release|Any CPU
		{41ABFA35-53F6-48E7-B52C-90E3CAA544F1}.Release|Any CPU.Build.0 = Release|Any CPU
		{41ABFA35-53F6-48E7-B52C-90E3CAA544F1}.Release|x64.ActiveCfg = Release|x64
		{41ABFA35-53F6-48E7-B52C-90E3CAA544F1}.Release|x64.Build.0 = Release|x64
		{0AE01D32-0A78-4FBD-AAA2-D7B9557A9718}.Debug|Any CPU.ActiveCfg = Debug|Any CPU
		{0AE01D32-0A78-4FBD-AAA2-D7B9557A9718}.Debug|Any CPU.Build.0 = Debug|Any CPU
		{0AE01D32-0A78-4FBD-AAA2-D7B9557A9718}.Debug|x64.ActiveCfg = Debug|x64
		{0AE01D32-0A78-4FBD-AAA2-D7B9557A9718}.Debug|x64.Build.0 = Debug|x64
		{0AE01D32-0A78-4FBD-AAA2-D7B9557A9718}.Release|Any CPU.ActiveCfg = Release|Any CPU
		{0AE01D32-0A78-4FBD-AAA2-D7B9557A9718}.Release|Any CPU.Build.0 = Release|Any CPU
		{0AE01D32-0A78-4FBD-AAA2-D7B9557A9718}.Release|x64.ActiveCfg = Release|x64
		{0AE01D32-0A78-4FBD-AAA2-D7B9557A9718}.Release|x64.Build.0 = Release|x64
		{E3F69DBF-689F-418B-9AD9-7591CAC47037}.Debug|Any CPU.ActiveCfg = Debug|Any CPU
		{E3F69DBF-689F-418B-9AD9-7591CAC47037}.Debug|Any CPU.Build.0 = Debug|Any CPU
		{E3F69DBF-689F-418B-9AD9-7591CAC47037}.Debug|x64.ActiveCfg = Debug|x64
		{E3F69DBF-689F-418B-9AD9-7591CAC47037}.Debug|x64.Build.0 = Debug|x64
		{E3F69DBF-689F-418B-9AD9-7591CAC47037}.Release|Any CPU.ActiveCfg = Release|Any CPU
		{E3F69DBF-689F-418B-9AD9-7591CAC47037}.Release|Any CPU.Build.0 = Release|Any CPU
		{E3F69DBF-689F-418B-9AD9-7591CAC47037}.Release|x64.ActiveCfg = Release|x64
		{E3F69DBF-689F-418B-9AD9-7591CAC47037}.Release|x64.Build.0 = Release|x64
		{FE6506AD-523B-4737-83C4-514B15946C24}.Debug|Any CPU.ActiveCfg = Debug|Any CPU
		{FE6506AD-523B-4737-83C4-514B15946C24}.Debug|Any CPU.Build.0 = Debug|Any CPU
		{FE6506AD-523B-4737-83C4-514B15946C24}.Debug|x64.ActiveCfg = Debug|x64
		{FE6506AD-523B-4737-83C4-514B15946C24}.Debug|x64.Build.0 = Debug|x64
		{FE6506AD-523B-4737-83C4-514B15946C24}.Release|Any CPU.ActiveCfg = Release|Any CPU
		{FE6506AD-523B-4737-83C4-514B15946C24}.Release|Any CPU.Build.0 = Release|Any CPU
		{FE6506AD-523B-4737-83C4-514B15946C24}.Release|x64.ActiveCfg = Release|x64
		{FE6506AD-523B-4737-83C4-514B15946C24}.Release|x64.Build.0 = Release|x64
		{8E5A10E1-8743-4294-84A1-531A09961BE5}.Debug|Any CPU.ActiveCfg = Debug|Any CPU
		{8E5A10E1-8743-4294-84A1-531A09961BE5}.Debug|Any CPU.Build.0 = Debug|Any CPU
		{8E5A10E1-8743-4294-84A1-531A09961BE5}.Debug|x64.ActiveCfg = Debug|x64
		{8E5A10E1-8743-4294-84A1-531A09961BE5}.Debug|x64.Build.0 = Debug|x64
		{8E5A10E1-8743-4294-84A1-531A09961BE5}.Release|Any CPU.ActiveCfg = Release|Any CPU
		{8E5A10E1-8743-4294-84A1-531A09961BE5}.Release|Any CPU.Build.0 = Release|Any CPU
		{8E5A10E1-8743-4294-84A1-531A09961BE5}.Release|x64.ActiveCfg = Release|x64
		{8E5A10E1-8743-4294-84A1-531A09961BE5}.Release|x64.Build.0 = Release|x64
		{B997B382-99BD-41BF-B0E5-1DE77AAADA08}.Debug|Any CPU.ActiveCfg = Debug|Any CPU
		{B997B382-99BD-41BF-B0E5-1DE77AAADA08}.Debug|Any CPU.Build.0 = Debug|Any CPU
		{B997B382-99BD-41BF-B0E5-1DE77AAADA08}.Debug|x64.ActiveCfg = Debug|x64
		{B997B382-99BD-41BF-B0E5-1DE77AAADA08}.Debug|x64.Build.0 = Debug|x64
		{B997B382-99BD-41BF-B0E5-1DE77AAADA08}.Release|Any CPU.ActiveCfg = Release|Any CPU
		{B997B382-99BD-41BF-B0E5-1DE77AAADA08}.Release|Any CPU.Build.0 = Release|Any CPU
		{B997B382-99BD-41BF-B0E5-1DE77AAADA08}.Release|x64.ActiveCfg = Release|x64
		{B997B382-99BD-41BF-B0E5-1DE77AAADA08}.Release|x64.Build.0 = Release|x64
	EndGlobalSection
	GlobalSection(SolutionProperties) = preSolution
		HideSolutionNode = FALSE
	EndGlobalSection
	GlobalSection(NestedProjects) = preSolution
		{FA57BB36-B0B3-4D5A-B345-45D0AE535C90} = {C90D4963-7725-40B4-AD76-B72EDC9B8922}
		{1E6E6B47-36A7-4629-8E75-47FDEA971DFC} = {C90D4963-7725-40B4-AD76-B72EDC9B8922}
		{41ABFA35-53F6-48E7-B52C-90E3CAA544F1} = {C90D4963-7725-40B4-AD76-B72EDC9B8922}
		{0AE01D32-0A78-4FBD-AAA2-D7B9557A9718} = {C90D4963-7725-40B4-AD76-B72EDC9B8922}
		{E3F69DBF-689F-418B-9AD9-7591CAC47037} = {1796E667-C6FF-4EC0-9B1E-9E29D620A7F4}
		{FE6506AD-523B-4737-83C4-514B15946C24} = {1796E667-C6FF-4EC0-9B1E-9E29D620A7F4}
		{8E5A10E1-8743-4294-84A1-531A09961BE5} = {2F41E843-4758-42B2-AB32-E797C446420E}
		{B997B382-99BD-41BF-B0E5-1DE77AAADA08} = {2F41E843-4758-42B2-AB32-E797C446420E}
	EndGlobalSection
	GlobalSection(ExtensibilityGlobals) = postSolution
		SolutionGuid = {62E8A4D2-B640-4535-A043-9D39F1B7D121}
	EndGlobalSection
EndGlobal
